
Microsoft Visual Studio Solution File, Format Version 12.00
# Visual Studio Version 17
VisualStudioVersion = 17.13.35828.75
MinimumVisualStudioVersion = 10.0.40219.1
Project("{2150E333-8FDC-42A3-9474-1A3956D46DE8}") = "Src", "Src", "{02EA681E-C7D8-13C7-8484-4AC65E1B71E8}"
EndProject
Project("{2150E333-8FDC-42A3-9474-1A3956D46DE8}") = "Core", "Core", "{C1299363-BB7D-48F8-B247-152DB5829166}"
EndProject
Project("{FAE04EC0-301F-11D3-BF4B-00C04F79EFBC}") = "Entry", "Src\Entry\Entry.csproj", "{795C2530-38C8-4C31-9098-D928E98A536C}"
EndProject
Project("{FAE04EC0-301F-11D3-BF4B-00C04F79EFBC}") = "Base", "Src\Base\Base.csproj", "{9E1C41BE-04EF-40EA-9CE3-3966993824FC}"
EndProject
Project("{FAE04EC0-301F-11D3-BF4B-00C04F79EFBC}") = "FCommon", "Src\Core\FCommon\FCommon.csproj", "{D05C43D6-E9EF-4777-8A92-98F390909749}"
EndProject
Project("{2150E333-8FDC-42A3-9474-1A3956D46DE8}") = "FeatAuthenticate", "FeatAuthenticate", "{FC96A39D-2FFD-4730-0B1E-260DAC9AEC9D}"
EndProject
Project("{FAE04EC0-301F-11D3-BF4B-00C04F79EFBC}") = "SignUp", "Src\Core\FeatAuthenticate\SignUp\SignUp.csproj", "{B810C46F-D079-48D1-8712-D2A6CFB7EA84}"
EndProject
Project("{2150E333-8FDC-42A3-9474-1A3956D46DE8}") = "Template", "Template", "{C8C60E0E-72AB-469D-BC71-0DBDCC54167D}"
EndProject
Project("{FAE04EC0-301F-11D3-BF4B-00C04F79EFBC}") = "SignIn", "Src\Core\FeatAuthenticate\SignIn\SignIn.csproj", "{8FF2DCD9-BE87-42F6-8C6F-57C7CE9D04A1}"
EndProject
Global
	GlobalSection(SolutionConfigurationPlatforms) = preSolution
		Debug|Any CPU = Debug|Any CPU
		Debug|x64 = Debug|x64
		Debug|x86 = Debug|x86
		Release|Any CPU = Release|Any CPU
		Release|x64 = Release|x64
		Release|x86 = Release|x86
	EndGlobalSection
	GlobalSection(ProjectConfigurationPlatforms) = postSolution
		{795C2530-38C8-4C31-9098-D928E98A536C}.Debug|Any CPU.ActiveCfg = Debug|Any CPU
		{795C2530-38C8-4C31-9098-D928E98A536C}.Debug|Any CPU.Build.0 = Debug|Any CPU
		{795C2530-38C8-4C31-9098-D928E98A536C}.Debug|x64.ActiveCfg = Debug|Any CPU
		{795C2530-38C8-4C31-9098-D928E98A536C}.Debug|x64.Build.0 = Debug|Any CPU
		{795C2530-38C8-4C31-9098-D928E98A536C}.Debug|x86.ActiveCfg = Debug|Any CPU
		{795C2530-38C8-4C31-9098-D928E98A536C}.Debug|x86.Build.0 = Debug|Any CPU
		{795C2530-38C8-4C31-9098-D928E98A536C}.Release|Any CPU.ActiveCfg = Release|Any CPU
		{795C2530-38C8-4C31-9098-D928E98A536C}.Release|Any CPU.Build.0 = Release|Any CPU
		{795C2530-38C8-4C31-9098-D928E98A536C}.Release|x64.ActiveCfg = Release|Any CPU
		{795C2530-38C8-4C31-9098-D928E98A536C}.Release|x64.Build.0 = Release|Any CPU
		{795C2530-38C8-4C31-9098-D928E98A536C}.Release|x86.ActiveCfg = Release|Any CPU
		{795C2530-38C8-4C31-9098-D928E98A536C}.Release|x86.Build.0 = Release|Any CPU
		{9E1C41BE-04EF-40EA-9CE3-3966993824FC}.Debug|Any CPU.ActiveCfg = Debug|Any CPU
		{9E1C41BE-04EF-40EA-9CE3-3966993824FC}.Debug|Any CPU.Build.0 = Debug|Any CPU
		{9E1C41BE-04EF-40EA-9CE3-3966993824FC}.Debug|x64.ActiveCfg = Debug|Any CPU
		{9E1C41BE-04EF-40EA-9CE3-3966993824FC}.Debug|x64.Build.0 = Debug|Any CPU
		{9E1C41BE-04EF-40EA-9CE3-3966993824FC}.Debug|x86.ActiveCfg = Debug|Any CPU
		{9E1C41BE-04EF-40EA-9CE3-3966993824FC}.Debug|x86.Build.0 = Debug|Any CPU
		{9E1C41BE-04EF-40EA-9CE3-3966993824FC}.Release|Any CPU.ActiveCfg = Release|Any CPU
		{9E1C41BE-04EF-40EA-9CE3-3966993824FC}.Release|Any CPU.Build.0 = Release|Any CPU
		{9E1C41BE-04EF-40EA-9CE3-3966993824FC}.Release|x64.ActiveCfg = Release|Any CPU
		{9E1C41BE-04EF-40EA-9CE3-3966993824FC}.Release|x64.Build.0 = Release|Any CPU
		{9E1C41BE-04EF-40EA-9CE3-3966993824FC}.Release|x86.ActiveCfg = Release|Any CPU
		{9E1C41BE-04EF-40EA-9CE3-3966993824FC}.Release|x86.Build.0 = Release|Any CPU
		{D05C43D6-E9EF-4777-8A92-98F390909749}.Debug|Any CPU.ActiveCfg = Debug|Any CPU
		{D05C43D6-E9EF-4777-8A92-98F390909749}.Debug|Any CPU.Build.0 = Debug|Any CPU
		{D05C43D6-E9EF-4777-8A92-98F390909749}.Debug|x64.ActiveCfg = Debug|Any CPU
		{D05C43D6-E9EF-4777-8A92-98F390909749}.Debug|x64.Build.0 = Debug|Any CPU
		{D05C43D6-E9EF-4777-8A92-98F390909749}.Debug|x86.ActiveCfg = Debug|Any CPU
		{D05C43D6-E9EF-4777-8A92-98F390909749}.Debug|x86.Build.0 = Debug|Any CPU
		{D05C43D6-E9EF-4777-8A92-98F390909749}.Release|Any CPU.ActiveCfg = Release|Any CPU
		{D05C43D6-E9EF-4777-8A92-98F390909749}.Release|Any CPU.Build.0 = Release|Any CPU
		{D05C43D6-E9EF-4777-8A92-98F390909749}.Release|x64.ActiveCfg = Release|Any CPU
		{D05C43D6-E9EF-4777-8A92-98F390909749}.Release|x64.Build.0 = Release|Any CPU
		{D05C43D6-E9EF-4777-8A92-98F390909749}.Release|x86.ActiveCfg = Release|Any CPU
		{D05C43D6-E9EF-4777-8A92-98F390909749}.Release|x86.Build.0 = Release|Any CPU
		{B810C46F-D079-48D1-8712-D2A6CFB7EA84}.Debug|Any CPU.ActiveCfg = Debug|Any CPU
		{B810C46F-D079-48D1-8712-D2A6CFB7EA84}.Debug|Any CPU.Build.0 = Debug|Any CPU
		{B810C46F-D079-48D1-8712-D2A6CFB7EA84}.Debug|x64.ActiveCfg = Debug|Any CPU
		{B810C46F-D079-48D1-8712-D2A6CFB7EA84}.Debug|x64.Build.0 = Debug|Any CPU
		{B810C46F-D079-48D1-8712-D2A6CFB7EA84}.Debug|x86.ActiveCfg = Debug|Any CPU
		{B810C46F-D079-48D1-8712-D2A6CFB7EA84}.Debug|x86.Build.0 = Debug|Any CPU
		{B810C46F-D079-48D1-8712-D2A6CFB7EA84}.Release|Any CPU.ActiveCfg = Release|Any CPU
		{B810C46F-D079-48D1-8712-D2A6CFB7EA84}.Release|Any CPU.Build.0 = Release|Any CPU
		{B810C46F-D079-48D1-8712-D2A6CFB7EA84}.Release|x64.ActiveCfg = Release|Any CPU
		{B810C46F-D079-48D1-8712-D2A6CFB7EA84}.Release|x64.Build.0 = Release|Any CPU
		{B810C46F-D079-48D1-8712-D2A6CFB7EA84}.Release|x86.ActiveCfg = Release|Any CPU
		{B810C46F-D079-48D1-8712-D2A6CFB7EA84}.Release|x86.Build.0 = Release|Any CPU
		{8FF2DCD9-BE87-42F6-8C6F-57C7CE9D04A1}.Debug|Any CPU.ActiveCfg = Debug|Any CPU
		{8FF2DCD9-BE87-42F6-8C6F-57C7CE9D04A1}.Debug|Any CPU.Build.0 = Debug|Any CPU
		{8FF2DCD9-BE87-42F6-8C6F-57C7CE9D04A1}.Debug|x64.ActiveCfg = Debug|Any CPU
		{8FF2DCD9-BE87-42F6-8C6F-57C7CE9D04A1}.Debug|x64.Build.0 = Debug|Any CPU
		{8FF2DCD9-BE87-42F6-8C6F-57C7CE9D04A1}.Debug|x86.ActiveCfg = Debug|Any CPU
		{8FF2DCD9-BE87-42F6-8C6F-57C7CE9D04A1}.Debug|x86.Build.0 = Debug|Any CPU
		{8FF2DCD9-BE87-42F6-8C6F-57C7CE9D04A1}.Release|Any CPU.ActiveCfg = Release|Any CPU
		{8FF2DCD9-BE87-42F6-8C6F-57C7CE9D04A1}.Release|Any CPU.Build.0 = Release|Any CPU
		{8FF2DCD9-BE87-42F6-8C6F-57C7CE9D04A1}.Release|x64.ActiveCfg = Release|Any CPU
		{8FF2DCD9-BE87-42F6-8C6F-57C7CE9D04A1}.Release|x64.Build.0 = Release|Any CPU
		{8FF2DCD9-BE87-42F6-8C6F-57C7CE9D04A1}.Release|x86.ActiveCfg = Release|Any CPU
		{8FF2DCD9-BE87-42F6-8C6F-57C7CE9D04A1}.Release|x86.Build.0 = Release|Any CPU
	EndGlobalSection
	GlobalSection(SolutionProperties) = preSolution
		HideSolutionNode = FALSE
	EndGlobalSection
	GlobalSection(NestedProjects) = preSolution
		{C1299363-BB7D-48F8-B247-152DB5829166} = {02EA681E-C7D8-13C7-8484-4AC65E1B71E8}
		{795C2530-38C8-4C31-9098-D928E98A536C} = {02EA681E-C7D8-13C7-8484-4AC65E1B71E8}
		{9E1C41BE-04EF-40EA-9CE3-3966993824FC} = {02EA681E-C7D8-13C7-8484-4AC65E1B71E8}
		{D05C43D6-E9EF-4777-8A92-98F390909749} = {C1299363-BB7D-48F8-B247-152DB5829166}
		{FC96A39D-2FFD-4730-0B1E-260DAC9AEC9D} = {C1299363-BB7D-48F8-B247-152DB5829166}
		{B810C46F-D079-48D1-8712-D2A6CFB7EA84} = {FC96A39D-2FFD-4730-0B1E-260DAC9AEC9D}
		{8FF2DCD9-BE87-42F6-8C6F-57C7CE9D04A1} = {FC96A39D-2FFD-4730-0B1E-260DAC9AEC9D}
	EndGlobalSection
	GlobalSection(ExtensibilityGlobals) = postSolution
		SolutionGuid = {E918C5EA-EE6B-40B2-93A4-2F0C0435897A}
	EndGlobalSection
EndGlobal
